// !$*UTF8*$!
{
	archiveVersion = 1;
	classes = {
	};
	objectVersion = 56;
	objects = {

/* Begin PBXBuildFile section */
		0871BE3929D7213A007055DE /* BudgetBuddyApp.swift in Sources */ = {isa = PBXBuildFile; fileRef = 0871BE3829D7213A007055DE /* BudgetBuddyApp.swift */; };
		0871BE3B29D7213A007055DE /* HomeView.swift in Sources */ = {isa = PBXBuildFile; fileRef = 0871BE3A29D7213A007055DE /* HomeView.swift */; };
		0871BE3D29D7213C007055DE /* Assets.xcassets in Resources */ = {isa = PBXBuildFile; fileRef = 0871BE3C29D7213C007055DE /* Assets.xcassets */; };
		0871BE4029D7213C007055DE /* Preview Assets.xcassets in Resources */ = {isa = PBXBuildFile; fileRef = 0871BE3F29D7213C007055DE /* Preview Assets.xcassets */; };
		0871BE4729D726DB007055DE /* Color.swift in Sources */ = {isa = PBXBuildFile; fileRef = 0871BE4629D726DB007055DE /* Color.swift */; };
		087E32BD29DB1163008ABE98 /* PreviewData.swift in Sources */ = {isa = PBXBuildFile; fileRef = 087E32BC29DB1163008ABE98 /* PreviewData.swift */; };
		088CD12129E7FEC50007A742 /* Currency.swift in Sources */ = {isa = PBXBuildFile; fileRef = 088CD12029E7FEC50007A742 /* Currency.swift */; };
		088CD12329E802270007A742 /* CurrencySelector.swift in Sources */ = {isa = PBXBuildFile; fileRef = 088CD12229E802270007A742 /* CurrencySelector.swift */; };
		08FB3CE929D881E800DEDB10 /* Account.swift in Sources */ = {isa = PBXBuildFile; fileRef = 08FB3CE829D881E800DEDB10 /* Account.swift */; };
		08FF66DE29D84A9E00BA6A97 /* AccountCell.swift in Sources */ = {isa = PBXBuildFile; fileRef = 08FF66DD29D84A9E00BA6A97 /* AccountCell.swift */; };
/* End PBXBuildFile section */

/* Begin PBXFileReference section */
		0871BE3529D7213A007055DE /* BudgetBuddy.app */ = {isa = PBXFileReference; explicitFileType = wrapper.application; includeInIndex = 0; path = BudgetBuddy.app; sourceTree = BUILT_PRODUCTS_DIR; };
		0871BE3829D7213A007055DE /* BudgetBuddyApp.swift */ = {isa = PBXFileReference; lastKnownFileType = sourcecode.swift; path = BudgetBuddyApp.swift; sourceTree = "<group>"; };
		0871BE3A29D7213A007055DE /* HomeView.swift */ = {isa = PBXFileReference; lastKnownFileType = sourcecode.swift; path = HomeView.swift; sourceTree = "<group>"; };
		0871BE3C29D7213C007055DE /* Assets.xcassets */ = {isa = PBXFileReference; lastKnownFileType = folder.assetcatalog; path = Assets.xcassets; sourceTree = "<group>"; };
		0871BE3F29D7213C007055DE /* Preview Assets.xcassets */ = {isa = PBXFileReference; lastKnownFileType = folder.assetcatalog; path = "Preview Assets.xcassets"; sourceTree = "<group>"; };
		0871BE4629D726DB007055DE /* Color.swift */ = {isa = PBXFileReference; lastKnownFileType = sourcecode.swift; path = Color.swift; sourceTree = "<group>"; };
		087E32BC29DB1163008ABE98 /* PreviewData.swift */ = {isa = PBXFileReference; lastKnownFileType = sourcecode.swift; path = PreviewData.swift; sourceTree = "<group>"; };
		088CD12029E7FEC50007A742 /* Currency.swift */ = {isa = PBXFileReference; lastKnownFileType = sourcecode.swift; path = Currency.swift; sourceTree = "<group>"; };
		088CD12229E802270007A742 /* CurrencySelector.swift */ = {isa = PBXFileReference; lastKnownFileType = sourcecode.swift; path = CurrencySelector.swift; sourceTree = "<group>"; };
		08FB3CE829D881E800DEDB10 /* Account.swift */ = {isa = PBXFileReference; lastKnownFileType = sourcecode.swift; path = Account.swift; sourceTree = "<group>"; };
		08FF66DD29D84A9E00BA6A97 /* AccountCell.swift */ = {isa = PBXFileReference; lastKnownFileType = sourcecode.swift; path = AccountCell.swift; sourceTree = "<group>"; };
/* End PBXFileReference section */

/* Begin PBXFrameworksBuildPhase section */
		0871BE3229D7213A007055DE /* Frameworks */ = {
			isa = PBXFrameworksBuildPhase;
			buildActionMask = 2147483647;
			files = (
			);
			runOnlyForDeploymentPostprocessing = 0;
		};
/* End PBXFrameworksBuildPhase section */

/* Begin PBXGroup section */
		0871BE2C29D7213A007055DE = {
			isa = PBXGroup;
			children = (
				0871BE3729D7213A007055DE /* BudgetBuddy */,
				0871BE3629D7213A007055DE /* Products */,
			);
			sourceTree = "<group>";
		};
		0871BE3629D7213A007055DE /* Products */ = {
			isa = PBXGroup;
			children = (
				0871BE3529D7213A007055DE /* BudgetBuddy.app */,
			);
			name = Products;
			sourceTree = "<group>";
		};
		0871BE3729D7213A007055DE /* BudgetBuddy */ = {
			isa = PBXGroup;
			children = (
				0871BE3829D7213A007055DE /* BudgetBuddyApp.swift */,
				0871BE3A29D7213A007055DE /* HomeView.swift */,
				088CD12029E7FEC50007A742 /* Currency.swift */,
				088CD12229E802270007A742 /* CurrencySelector.swift */,
				087E32BC29DB1163008ABE98 /* PreviewData.swift */,
				08FF66DD29D84A9E00BA6A97 /* AccountCell.swift */,
				08FB3CE829D881E800DEDB10 /* Account.swift */,
				0871BE4629D726DB007055DE /* Color.swift */,
				0871BE3C29D7213C007055DE /* Assets.xcassets */,
				0871BE3E29D7213C007055DE /* Preview Content */,
			);
			path = BudgetBuddy;
			sourceTree = "<group>";
		};
		0871BE3E29D7213C007055DE /* Preview Content */ = {
			isa = PBXGroup;
			children = (
				0871BE3F29D7213C007055DE /* Preview Assets.xcassets */,
			);
			path = "Preview Content";
			sourceTree = "<group>";
		};
/* End PBXGroup section */

/* Begin PBXNativeTarget section */
		0871BE3429D7213A007055DE /* BudgetBuddy */ = {
			isa = PBXNativeTarget;
			buildConfigurationList = 0871BE4329D7213C007055DE /* Build configuration list for PBXNativeTarget "BudgetBuddy" */;
			buildPhases = (
				0871BE3129D7213A007055DE /* Sources */,
				0871BE3229D7213A007055DE /* Frameworks */,
				0871BE3329D7213A007055DE /* Resources */,
			);
			buildRules = (
			);
			dependencies = (
			);
			name = BudgetBuddy;
			productName = FinanceTracker;
			productReference = 0871BE3529D7213A007055DE /* BudgetBuddy.app */;
			productType = "com.apple.product-type.application";
		};
/* End PBXNativeTarget section */

/* Begin PBXProject section */
		0871BE2D29D7213A007055DE /* Project object */ = {
			isa = PBXProject;
			attributes = {
				BuildIndependentTargetsInParallel = 1;
				LastSwiftUpdateCheck = 1400;
				LastUpgradeCheck = 1400;
				TargetAttributes = {
					0871BE3429D7213A007055DE = {
						CreatedOnToolsVersion = 14.0;
					};
				};
			};
			buildConfigurationList = 0871BE3029D7213A007055DE /* Build configuration list for PBXProject "BudgetBuddy" */;
			compatibilityVersion = "Xcode 14.0";
			developmentRegion = en;
			hasScannedForEncodings = 0;
			knownRegions = (
				en,
				Base,
			);
			mainGroup = 0871BE2C29D7213A007055DE;
			productRefGroup = 0871BE3629D7213A007055DE /* Products */;
			projectDirPath = "";
			projectRoot = "";
			targets = (
				0871BE3429D7213A007055DE /* BudgetBuddy */,
			);
		};
/* End PBXProject section */

/* Begin PBXResourcesBuildPhase section */
		0871BE3329D7213A007055DE /* Resources */ = {
			isa = PBXResourcesBuildPhase;
			buildActionMask = 2147483647;
			files = (
				0871BE4029D7213C007055DE /* Preview Assets.xcassets in Resources */,
				0871BE3D29D7213C007055DE /* Assets.xcassets in Resources */,
			);
			runOnlyForDeploymentPostprocessing = 0;
		};
/* End PBXResourcesBuildPhase section */

/* Begin PBXSourcesBuildPhase section */
		0871BE3129D7213A007055DE /* Sources */ = {
			isa = PBXSourcesBuildPhase;
			buildActionMask = 2147483647;
			files = (
				08FB3CE929D881E800DEDB10 /* Account.swift in Sources */,
				0871BE3B29D7213A007055DE /* HomeView.swift in Sources */,
				087E32BD29DB1163008ABE98 /* PreviewData.swift in Sources */,
				08FF66DE29D84A9E00BA6A97 /* AccountCell.swift in Sources */,
				0871BE3929D7213A007055DE /* BudgetBuddyApp.swift in Sources */,
				088CD12329E802270007A742 /* CurrencySelector.swift in Sources */,
				088CD12129E7FEC50007A742 /* Currency.swift in Sources */,
				0871BE4729D726DB007055DE /* Color.swift in Sources */,
			);
			runOnlyForDeploymentPostprocessing = 0;
		};
/* End PBXSourcesBuildPhase section */

/* Begin XCBuildConfiguration section */
		0871BE4129D7213C007055DE /* Debug */ = {
			isa = XCBuildConfiguration;
			buildSettings = {
				ALWAYS_SEARCH_USER_PATHS = NO;
				CLANG_ANALYZER_NONNULL = YES;
				CLANG_ANALYZER_NUMBER_OBJECT_CONVERSION = YES_AGGRESSIVE;
				CLANG_CXX_LANGUAGE_STANDARD = "gnu++20";
				CLANG_ENABLE_MODULES = YES;
				CLANG_ENABLE_OBJC_ARC = YES;
				CLANG_ENABLE_OBJC_WEAK = YES;
				CLANG_WARN_BLOCK_CAPTURE_AUTORELEASING = YES;
				CLANG_WARN_BOOL_CONVERSION = YES;
				CLANG_WARN_COMMA = YES;
				CLANG_WARN_CONSTANT_CONVERSION = YES;
				CLANG_WARN_DEPRECATED_OBJC_IMPLEMENTATIONS = YES;
				CLANG_WARN_DIRECT_OBJC_ISA_USAGE = YES_ERROR;
				CLANG_WARN_DOCUMENTATION_COMMENTS = YES;
				CLANG_WARN_EMPTY_BODY = YES;
				CLANG_WARN_ENUM_CONVERSION = YES;
				CLANG_WARN_INFINITE_RECURSION = YES;
				CLANG_WARN_INT_CONVERSION = YES;
				CLANG_WARN_NON_LITERAL_NULL_CONVERSION = YES;
				CLANG_WARN_OBJC_IMPLICIT_RETAIN_SELF = YES;
				CLANG_WARN_OBJC_LITERAL_CONVERSION = YES;
				CLANG_WARN_OBJC_ROOT_CLASS = YES_ERROR;
				CLANG_WARN_QUOTED_INCLUDE_IN_FRAMEWORK_HEADER = YES;
				CLANG_WARN_RANGE_LOOP_ANALYSIS = YES;
				CLANG_WARN_STRICT_PROTOTYPES = YES;
				CLANG_WARN_SUSPICIOUS_MOVE = YES;
				CLANG_WARN_UNGUARDED_AVAILABILITY = YES_AGGRESSIVE;
				CLANG_WARN_UNREACHABLE_CODE = YES;
				CLANG_WARN__DUPLICATE_METHOD_MATCH = YES;
				COPY_PHASE_STRIP = NO;
				DEBUG_INFORMATION_FORMAT = dwarf;
				ENABLE_STRICT_OBJC_MSGSEND = YES;
				ENABLE_TESTABILITY = YES;
				GCC_C_LANGUAGE_STANDARD = gnu11;
				GCC_DYNAMIC_NO_PIC = NO;
				GCC_NO_COMMON_BLOCKS = YES;
				GCC_OPTIMIZATION_LEVEL = 0;
				GCC_PREPROCESSOR_DEFINITIONS = (
					"DEBUG=1",
					"$(inherited)",
				);
				GCC_WARN_64_TO_32_BIT_CONVERSION = YES;
				GCC_WARN_ABOUT_RETURN_TYPE = YES_ERROR;
				GCC_WARN_UNDECLARED_SELECTOR = YES;
				GCC_WARN_UNINITIALIZED_AUTOS = YES_AGGRESSIVE;
				GCC_WARN_UNUSED_FUNCTION = YES;
				GCC_WARN_UNUSED_VARIABLE = YES;
				IPHONEOS_DEPLOYMENT_TARGET = 16.0;
				MTL_ENABLE_DEBUG_INFO = INCLUDE_SOURCE;
				MTL_FAST_MATH = YES;
				ONLY_ACTIVE_ARCH = YES;
				SDKROOT = iphoneos;
				SWIFT_ACTIVE_COMPILATION_CONDITIONS = DEBUG;
				SWIFT_OPTIMIZATION_LEVEL = "-Onone";
			};
			name = Debug;
		};
		0871BE4229D7213C007055DE /* Release */ = {
			isa = XCBuildConfiguration;
			buildSettings = {
				ALWAYS_SEARCH_USER_PATHS = NO;
				CLANG_ANALYZER_NONNULL = YES;
				CLANG_ANALYZER_NUMBER_OBJECT_CONVERSION = YES_AGGRESSIVE;
				CLANG_CXX_LANGUAGE_STANDARD = "gnu++20";
				CLANG_ENABLE_MODULES = YES;
				CLANG_ENABLE_OBJC_ARC = YES;
				CLANG_ENABLE_OBJC_WEAK = YES;
				CLANG_WARN_BLOCK_CAPTURE_AUTORELEASING = YES;
				CLANG_WARN_BOOL_CONVERSION = YES;
				CLANG_WARN_COMMA = YES;
				CLANG_WARN_CONSTANT_CONVERSION = YES;
				CLANG_WARN_DEPRECATED_OBJC_IMPLEMENTATIONS = YES;
				CLANG_WARN_DIRECT_OBJC_ISA_USAGE = YES_ERROR;
				CLANG_WARN_DOCUMENTATION_COMMENTS = YES;
				CLANG_WARN_EMPTY_BODY = YES;
				CLANG_WARN_ENUM_CONVERSION = YES;
				CLANG_WARN_INFINITE_RECURSION = YES;
				CLANG_WARN_INT_CONVERSION = YES;
				CLANG_WARN_NON_LITERAL_NULL_CONVERSION = YES;
				CLANG_WARN_OBJC_IMPLICIT_RETAIN_SELF = YES;
				CLANG_WARN_OBJC_LITERAL_CONVERSION = YES;
				CLANG_WARN_OBJC_ROOT_CLASS = YES_ERROR;
				CLANG_WARN_QUOTED_INCLUDE_IN_FRAMEWORK_HEADER = YES;
				CLANG_WARN_RANGE_LOOP_ANALYSIS = YES;
				CLANG_WARN_STRICT_PROTOTYPES = YES;
				CLANG_WARN_SUSPICIOUS_MOVE = YES;
				CLANG_WARN_UNGUARDED_AVAILABILITY = YES_AGGRESSIVE;
				CLANG_WARN_UNREACHABLE_CODE = YES;
				CLANG_WARN__DUPLICATE_METHOD_MATCH = YES;
				COPY_PHASE_STRIP = NO;
				DEBUG_INFORMATION_FORMAT = "dwarf-with-dsym";
				ENABLE_NS_ASSERTIONS = NO;
				ENABLE_STRICT_OBJC_MSGSEND = YES;
				GCC_C_LANGUAGE_STANDARD = gnu11;
				GCC_NO_COMMON_BLOCKS = YES;
				GCC_WARN_64_TO_32_BIT_CONVERSION = YES;
				GCC_WARN_ABOUT_RETURN_TYPE = YES_ERROR;
				GCC_WARN_UNDECLARED_SELECTOR = YES;
				GCC_WARN_UNINITIALIZED_AUTOS = YES_AGGRESSIVE;
				GCC_WARN_UNUSED_FUNCTION = YES;
				GCC_WARN_UNUSED_VARIABLE = YES;
				IPHONEOS_DEPLOYMENT_TARGET = 16.0;
				MTL_ENABLE_DEBUG_INFO = NO;
				MTL_FAST_MATH = YES;
				SDKROOT = iphoneos;
				SWIFT_COMPILATION_MODE = wholemodule;
				SWIFT_OPTIMIZATION_LEVEL = "-O";
				VALIDATE_PRODUCT = YES;
			};
			name = Release;
		};
		0871BE4429D7213C007055DE /* Debug */ = {
			isa = XCBuildConfiguration;
			buildSettings = {
				ASSETCATALOG_COMPILER_APPICON_NAME = AppIcon;
				ASSETCATALOG_COMPILER_GLOBAL_ACCENT_COLOR_NAME = AccentColor;
				CODE_SIGN_STYLE = Automatic;
				CURRENT_PROJECT_VERSION = 1;
				DEVELOPMENT_ASSET_PATHS = "\"BudgetBuddy/Preview Content\"";
				DEVELOPMENT_TEAM = MC9L8ULM7A;
				ENABLE_PREVIEWS = YES;
				GENERATE_INFOPLIST_FILE = YES;
				INFOPLIST_KEY_UIApplicationSceneManifest_Generation = YES;
				INFOPLIST_KEY_UIApplicationSupportsIndirectInputEvents = YES;
				INFOPLIST_KEY_UILaunchScreen_Generation = YES;
				INFOPLIST_KEY_UISupportedInterfaceOrientations = UIInterfaceOrientationPortrait;
				LD_RUNPATH_SEARCH_PATHS = (
					"$(inherited)",
					"@executable_path/Frameworks",
				);
				MARKETING_VERSION = 1.0;
				PRODUCT_BUNDLE_IDENTIFIER = Formation.BudgetBuddy;
				PRODUCT_NAME = "$(TARGET_NAME)";
				SWIFT_EMIT_LOC_STRINGS = YES;
				SWIFT_VERSION = 5.0;
				TARGETED_DEVICE_FAMILY = "1,2";
			};
			name = Debug;
		};
		0871BE4529D7213C007055DE /* Release */ = {
			isa = XCBuildConfiguration;
			buildSettings = {
				ASSETCATALOG_COMPILER_APPICON_NAME = AppIcon;
				ASSETCATALOG_COMPILER_GLOBAL_ACCENT_COLOR_NAME = AccentColor;
				CODE_SIGN_STYLE = Automatic;
				CURRENT_PROJECT_VERSION = 1;
				DEVELOPMENT_ASSET_PATHS = "\"BudgetBuddy/Preview Content\"";
				DEVELOPMENT_TEAM = MC9L8ULM7A;
				ENABLE_PREVIEWS = YES;
				GENERATE_INFOPLIST_FILE = YES;
				INFOPLIST_KEY_UIApplicationSceneManifest_Generation = YES;
				INFOPLIST_KEY_UIApplicationSupportsIndirectInputEvents = YES;
				INFOPLIST_KEY_UILaunchScreen_Generation = YES;
				INFOPLIST_KEY_UISupportedInterfaceOrientations = UIInterfaceOrientationPortrait;
				LD_RUNPATH_SEARCH_PATHS = (
					"$(inherited)",
					"@executable_path/Frameworks",
				);
				MARKETING_VERSION = 1.0;
				PRODUCT_BUNDLE_IDENTIFIER = Formation.BudgetBuddy;
				PRODUCT_NAME = "$(TARGET_NAME)";
				SWIFT_EMIT_LOC_STRINGS = YES;
				SWIFT_VERSION = 5.0;
				TARGETED_DEVICE_FAMILY = "1,2";
			};
			name = Release;
		};
/* End XCBuildConfiguration section */

/* Begin XCConfigurationList section */
		0871BE3029D7213A007055DE /* Build configuration list for PBXProject "BudgetBuddy" */ = {
			isa = XCConfigurationList;
			buildConfigurations = (
				0871BE4129D7213C007055DE /* Debug */,
				0871BE4229D7213C007055DE /* Release */,
			);
			defaultConfigurationIsVisible = 0;
			defaultConfigurationName = Release;
		};
		0871BE4329D7213C007055DE /* Build configuration list for PBXNativeTarget "BudgetBuddy" */ = {
			isa = XCConfigurationList;
			buildConfigurations = (
				0871BE4429D7213C007055DE /* Debug */,
				0871BE4529D7213C007055DE /* Release */,
			);
			defaultConfigurationIsVisible = 0;
			defaultConfigurationName = Release;
		};
/* End XCConfigurationList section */
	};
	rootObject = 0871BE2D29D7213A007055DE /* Project object */;
}
